
Microsoft Visual Studio Solution File, Format Version 12.00
# Visual Studio 15
VisualStudioVersion = 15.0.28307.539
MinimumVisualStudioVersion = 10.0.40219.1
Project("{F184B08F-C81C-45F6-A57F-5ABD9991F28F}") = "ProjetoCadastroAccess", "ProjetoCadastroAccess\ProjetoCadastroAccess.vbproj", "{81426060-5D5E-4948-B98F-76E1FA689234}"
EndProject
Global
	GlobalSection(SolutionConfigurationPlatforms) = preSolution
		Debug|Any CPU = Debug|Any CPU
		Release|Any CPU = Release|Any CPU
	EndGlobalSection
	GlobalSection(ProjectConfigurationPlatforms) = postSolution
		{81426060-5D5E-4948-B98F-76E1FA689234}.Debug|Any CPU.ActiveCfg = Debug|Any CPU
		{81426060-5D5E-4948-B98F-76E1FA689234}.Debug|Any CPU.Build.0 = Debug|Any CPU
		{81426060-5D5E-4948-B98F-76E1FA689234}.Release|Any CPU.ActiveCfg = Release|Any CPU
		{81426060-5D5E-4948-B98F-76E1FA689234}.Release|Any CPU.Build.0 = Release|Any CPU
	EndGlobalSection
	GlobalSection(SolutionProperties) = preSolution
		HideSolutionNode = FALSE
	EndGlobalSection
	GlobalSection(ExtensibilityGlobals) = postSolution
		SolutionGuid = {9F2450AB-A00C-463B-9AA2-4EE9BFE82054}
	EndGlobalSection
EndGlobal
